<?xml version="1.0" encoding="utf-8"?>
<Project ToolsVersion="4.0" xmlns="http://schemas.microsoft.com/developer/msbuild/2003">
  <ItemGroup>
    <Filter Include="Source Files">
      <UniqueIdentifier>{4FC737F1-C7A5-4376-A066-2A32D752A2FF}</UniqueIdentifier>
      <Extensions>cpp;c;cc;cxx;def;odl;idl;hpj;bat;asm;asmx</Extensions>
    </Filter>
    <Filter Include="Header Files">
      <UniqueIdentifier>{93995380-89BD-4b04-88EB-625FBE52EBFB}</UniqueIdentifier>
      <Extensions>h;hh;hpp;hxx;hm;inl;inc;ipp;xsd</Extensions>
    </Filter>
    <Filter Include="Resource Files">
      <UniqueIdentifier>{67DA6AB6-F800-4c08-8B7A-83BB121AAD01}</UniqueIdentifier>
      <Extensions>rc;ico;cur;bmp;dlg;rc2;rct;bin;rgs;gif;jpg;jpeg;jpe;resx;tiff;tif;png;wav;mfcribbon-ms</Extensions>
    </Filter>
  </ItemGroup>
  <ItemGroup>
    <ClCompile Include="code\content\AssetManager.cpp">
      <Filter>Source Files</Filter>
    </ClCompile>
    <ClCompile Include="code\content\MTLLoader.cpp">
      <Filter>Source Files</Filter>
    </ClCompile>
    <ClCompile Include="code\content\OBJLoader.cpp">
      <Filter>Source Files</Filter>
    </ClCompile>
    <ClCompile Include="code\content\ShaderManager.cpp">
      <Filter>Source Files</Filter>
    </ClCompile>
    <ClCompile Include="code\drawing\defaults\DefaultMaterials.cpp">
      <Filter>Source Files</Filter>
    </ClCompile>
    <ClCompile Include="code\drawing\GeometryHelpers.cpp">
      <Filter>Source Files</Filter>
    </ClCompile>
    <ClCompile Include="code\drawing\Texture2D.cpp">
      <Filter>Source Files</Filter>
    </ClCompile>
    <ClCompile Include="code\drawing\VertexColorTextureArray.cpp">
      <Filter>Source Files</Filter>
    </ClCompile>
    <ClCompile Include="code\drawing\VertexNormalTextureArray.cpp">
      <Filter>Source Files</Filter>
    </ClCompile>
    <ClCompile Include="code\general\DebugHelpers.h">
      <Filter>Header Files</Filter>
    </ClCompile>
    <ClCompile Include="code\general\HashMap.cpp">
      <Filter>Source Files</Filter>
    </ClCompile>
    <ClCompile Include="code\general\memory\FixedSizeArena.cpp">
      <Filter>Source Files</Filter>
    </ClCompile>
    <ClCompile Include="code\general\memory\StackArena.cpp">
      <Filter>Source Files</Filter>
    </ClCompile>
    <ClCompile Include="code\general\PathHelpers.cpp">
      <Filter>Source Files</Filter>
    </ClCompile>
    <ClCompile Include="code\handmade.cpp">
      <Filter>Source Files</Filter>
    </ClCompile>
    <ClCompile Include="code\libraries\xxhash.c">
      <Filter>Source Files</Filter>
    </ClCompile>
    <ClCompile Include="code\library_implementations.cpp">
      <Filter>Source Files</Filter>
    </ClCompile>
    <ClCompile Include="code\math\Matrix3.cpp">
      <Filter>Source Files</Filter>
    </ClCompile>
    <ClCompile Include="code\math\Matrix4.cpp">
      <Filter>Source Files</Filter>
    </ClCompile>
    <ClCompile Include="code\math\Quaternion.cpp">
      <Filter>Source Files</Filter>
    </ClCompile>
    <ClCompile Include="code\math\SphericalCoord.cpp">
      <Filter>Source Files</Filter>
    </ClCompile>
    <ClCompile Include="code\math\Vector2.cpp">
      <Filter>Source Files</Filter>
    </ClCompile>
    <ClCompile Include="code\math\Vector3.cpp">
      <Filter>Source Files</Filter>
    </ClCompile>
    <ClCompile Include="code\PlatformGameSettings.cpp">
      <Filter>Source Files</Filter>
    </ClCompile>
    <ClCompile Include="code\TestScene.cpp">
      <Filter>Source Files</Filter>
    </ClCompile>
  </ItemGroup>
  <ItemGroup>
    <ClInclude Include="code\content\AssetManager.h">
      <Filter>Header Files</Filter>
    </ClInclude>
    <ClInclude Include="code\content\AssetPtr.h">
      <Filter>Header Files</Filter>
    </ClInclude>
    <ClInclude Include="code\content\AssetPtrSharedData.h">
      <Filter>Header Files</Filter>
    </ClInclude>
    <ClInclude Include="code\content\MeshCollection.h">
      <Filter>Header Files</Filter>
    </ClInclude>
    <ClInclude Include="code\content\MTLDict.h">
      <Filter>Header Files</Filter>
    </ClInclude>
    <ClInclude Include="code\content\MTLLoader.h">
      <Filter>Header Files</Filter>
    </ClInclude>
    <ClInclude Include="code\content\MTLTextureOptions.h">
      <Filter>Header Files</Filter>
    </ClInclude>
    <ClInclude Include="code\content\OBJLoader.h">
      <Filter>Header Files</Filter>
    </ClInclude>
    <ClInclude Include="code\content\ShaderManager.h">
      <Filter>Header Files</Filter>
    </ClInclude>
    <ClInclude Include="code\content\ShaderPart.h">
      <Filter>Header Files</Filter>
    </ClInclude>
    <ClInclude Include="code\content\ShaderProgram.h">
      <Filter>Header Files</Filter>
    </ClInclude>
    <ClInclude Include="code\content\TextureMapType.h">
      <Filter>Header Files</Filter>
    </ClInclude>
    <ClInclude Include="code\drawing\cameras\Camera.h">
      <Filter>Header Files</Filter>
    </ClInclude>
    <ClInclude Include="code\drawing\cameras\Camera2D.h">
      <Filter>Header Files</Filter>
    </ClInclude>
    <ClInclude Include="code\drawing\cameras\FreeRotateCamera.h">
      <Filter>Header Files</Filter>
    </ClInclude>
    <ClInclude Include="code\drawing\cameras\SphericalCamera.h">
      <Filter>Header Files</Filter>
    </ClInclude>
    <ClInclude Include="code\drawing\Channels.h">
      <Filter>Header Files</Filter>
    </ClInclude>
    <ClInclude Include="code\drawing\defaults\DefaultMaterials.h">
      <Filter>Header Files</Filter>
    </ClInclude>
    <ClInclude Include="code\drawing\GeometryHelpers.h">
      <Filter>Header Files</Filter>
    </ClInclude>
    <ClInclude Include="code\drawing\GLState.h">
      <Filter>Header Files</Filter>
    </ClInclude>
    <ClInclude Include="code\drawing\Material.h">
      <Filter>Header Files</Filter>
    </ClInclude>
    <ClInclude Include="code\drawing\Mesh.h">
      <Filter>Header Files</Filter>
    </ClInclude>
    <ClInclude Include="code\drawing\Model.h">
      <Filter>Header Files</Filter>
    </ClInclude>
    <ClInclude Include="code\drawing\Sprite.h">
      <Filter>Header Files</Filter>
    </ClInclude>
    <ClInclude Include="code\drawing\Texture2D.h">
      <Filter>Header Files</Filter>
    </ClInclude>
    <ClInclude Include="code\drawing\Vertex.h">
      <Filter>Header Files</Filter>
    </ClInclude>
    <ClInclude Include="code\drawing\VertexArray.h">
      <Filter>Header Files</Filter>
    </ClInclude>
    <ClInclude Include="code\drawing\VertexColorTextureArray.h">
      <Filter>Header Files</Filter>
    </ClInclude>
    <ClInclude Include="code\drawing\VertexNormalTextureArray.h">
      <Filter>Header Files</Filter>
    </ClInclude>
    <ClInclude Include="code\file\FileData.h">
      <Filter>Header Files</Filter>
    </ClInclude>
    <ClInclude Include="code\file\PairSerializer.h">
      <Filter>Header Files</Filter>
    </ClInclude>
    <ClInclude Include="code\GameState.h">
      <Filter>Header Files</Filter>
    </ClInclude>
    <ClInclude Include="code\general\ArrayList.h">
      <Filter>Header Files</Filter>
    </ClInclude>
    <ClInclude Include="code\general\Assert.h">
      <Filter>Header Files</Filter>
    </ClInclude>
    <ClInclude Include="code\general\AVLTree.h">
      <Filter>Header Files</Filter>
    </ClInclude>
    <ClInclude Include="code\general\HashMap.h">
      <Filter>Header Files</Filter>
    </ClInclude>
    <ClInclude Include="code\general\Heap.h">
      <Filter>Header Files</Filter>
    </ClInclude>
    <ClInclude Include="code\general\HMPair.h">
      <Filter>Header Files</Filter>
    </ClInclude>
    <ClInclude Include="code\general\HMString.h">
      <Filter>Header Files</Filter>
    </ClInclude>
    <ClInclude Include="code\general\memory\FixedSizeArena.h">
      <Filter>Header Files</Filter>
    </ClInclude>
    <ClInclude Include="code\general\memory\NewDeleteArena.h">
      <Filter>Header Files</Filter>
    </ClInclude>
    <ClInclude Include="code\general\memory\StackArena.h">
      <Filter>Header Files</Filter>
    </ClInclude>
    <ClInclude Include="code\general\PathHelpers.h">
      <Filter>Header Files</Filter>
    </ClInclude>
    <ClInclude Include="code\general\SharedPtr.h">
      <Filter>Header Files</Filter>
    </ClInclude>
    <ClInclude Include="code\general\StaticArray.h">
      <Filter>Header Files</Filter>
    </ClInclude>
    <ClInclude Include="code\general\StretchyArray.h">
      <Filter>Header Files</Filter>
    </ClInclude>
    <ClInclude Include="code\general\StringHelpers.h">
      <Filter>Header Files</Filter>
    </ClInclude>
    <ClInclude Include="code\handmade.h">
      <Filter>Header Files</Filter>
    </ClInclude>
    <ClInclude Include="code\handmade_debugfuncs.h">
      <Filter>Header Files</Filter>
    </ClInclude>
    <ClInclude Include="code\handmade_funcdefs.h">
      <Filter>Header Files</Filter>
    </ClInclude>
    <ClInclude Include="code\handmade_typedefs.h">
      <Filter>Header Files</Filter>
    </ClInclude>
    <ClInclude Include="code\input\InputFrame.h">
      <Filter>Header Files</Filter>
    </ClInclude>
    <ClInclude Include="code\input\InputManager.h">
      <Filter>Header Files</Filter>
    </ClInclude>
    <ClInclude Include="code\input\PhysicalInputs.h">
      <Filter>Header Files</Filter>
    </ClInclude>
    <ClInclude Include="code\libraries\doctest.h">
      <Filter>Header Files</Filter>
    </ClInclude>
    <ClInclude Include="code\libraries\glew.h">
      <Filter>Header Files</Filter>
    </ClInclude>
    <ClInclude Include="code\libraries\stb_image.h">
      <Filter>Header Files</Filter>
    </ClInclude>
    <ClInclude Include="code\libraries\stb_truetype.h">
      <Filter>Header Files</Filter>
    </ClInclude>
    <ClInclude Include="code\libraries\wglew.h">
      <Filter>Header Files</Filter>
    </ClInclude>
    <ClInclude Include="code\libraries\xxhash.h">
      <Filter>Header Files</Filter>
    </ClInclude>
    <ClInclude Include="code\math\MathHelpers.h">
      <Filter>Header Files</Filter>
    </ClInclude>
    <ClInclude Include="code\math\MathTypedefs.h">
      <Filter>Header Files</Filter>
    </ClInclude>
    <ClInclude Include="code\math\Matrix3.h">
      <Filter>Header Files</Filter>
    </ClInclude>
    <ClInclude Include="code\math\Matrix4.h">
      <Filter>Header Files</Filter>
    </ClInclude>
    <ClInclude Include="code\math\Quaternion.h">
      <Filter>Header Files</Filter>
    </ClInclude>
    <ClInclude Include="code\math\Rectangle.h">
      <Filter>Header Files</Filter>
    </ClInclude>
    <ClInclude Include="code\math\SphericalCoord.h">
      <Filter>Header Files</Filter>
    </ClInclude>
    <ClInclude Include="code\math\Vector2.h">
      <Filter>Header Files</Filter>
    </ClInclude>
    <ClInclude Include="code\math\Vector3.h">
      <Filter>Header Files</Filter>
    </ClInclude>
    <ClInclude Include="code\PlatformGameSettings.h">
      <Filter>Header Files</Filter>
    </ClInclude>
    <ClInclude Include="code\RescalerManager.h">
      <Filter>Header Files</Filter>
    </ClInclude>
    <ClInclude Include="code\TestScene.h">
      <Filter>Header Files</Filter>
    </ClInclude>
    <ClInclude Include="code\ThreadContext.h">
      <Filter>Header Files</Filter>
    </ClInclude>
  </ItemGroup>
</Project>