<?xml version="1.0" encoding="utf-8"?>
<Project ToolsVersion="4.0" xmlns="http://schemas.microsoft.com/developer/msbuild/2003">
  <ItemGroup>
    <Filter Include="Source Files">
      <UniqueIdentifier>{4FC737F1-C7A5-4376-A066-2A32D752A2FF}</UniqueIdentifier>
      <Extensions>cpp;c;cc;cxx;def;odl;idl;hpj;bat;asm;asmx</Extensions>
    </Filter>
    <Filter Include="Header Files">
      <UniqueIdentifier>{93995380-89BD-4b04-88EB-625FBE52EBFB}</UniqueIdentifier>
      <Extensions>h;hh;hpp;hxx;hm;inl;inc;ipp;xsd</Extensions>
    </Filter>
    <Filter Include="Resource Files">
      <UniqueIdentifier>{67DA6AB6-F800-4c08-8B7A-83BB121AAD01}</UniqueIdentifier>
      <Extensions>rc;ico;cur;bmp;dlg;rc2;rct;bin;rgs;gif;jpg;jpeg;jpe;resx;tiff;tif;png;wav;mfcribbon-ms</Extensions>
    </Filter>
  </ItemGroup>
  <ItemGroup>
    <ClCompile Include="code\general\memory\FixedSizeArena.cpp">
      <Filter>Source Files</Filter>
    </ClCompile>
    <ClCompile Include="code\general\memory\StackArena.cpp">
      <Filter>Source Files</Filter>
    </ClCompile>
    <ClCompile Include="code\general\StringHelpers.h">
      <Filter>Header Files</Filter>
    </ClCompile>
    <ClCompile Include="code\math\MathHelpers.h">
      <Filter>Header Files</Filter>
    </ClCompile>
    <ClCompile Include="code\math\Vector2.cpp">
      <Filter>Source Files</Filter>
    </ClCompile>
    <ClCompile Include="code\PlatformGameSettings.cpp">
      <Filter>Source Files</Filter>
    </ClCompile>
    <ClCompile Include="code\win32\InputProcessor.cpp">
      <Filter>Source Files</Filter>
    </ClCompile>
    <ClCompile Include="code\win32\win32_debug.h">
      <Filter>Header Files</Filter>
    </ClCompile>
    <ClCompile Include="code\win32\win32_handmade.cpp">
      <Filter>Source Files</Filter>
    </ClCompile>
    <ClCompile Include="code\win32\win32_input.h">
      <Filter>Header Files</Filter>
    </ClCompile>
    <ClCompile Include="code\win32\win32_utility.h">
      <Filter>Header Files</Filter>
    </ClCompile>
  </ItemGroup>
  <ItemGroup>
    <ClInclude Include="code\general\Assert.h">
      <Filter>Header Files</Filter>
    </ClInclude>
    <ClInclude Include="code\general\HMString.h">
      <Filter>Header Files</Filter>
    </ClInclude>
    <ClInclude Include="code\general\memory\FixedSizeArena.h">
      <Filter>Header Files</Filter>
    </ClInclude>
    <ClInclude Include="code\general\memory\NewDeleteArena.h">
      <Filter>Header Files</Filter>
    </ClInclude>
    <ClInclude Include="code\general\memory\StackArena.h">
      <Filter>Header Files</Filter>
    </ClInclude>
    <ClInclude Include="code\general\PathHelpers.h">
      <Filter>Header Files</Filter>
    </ClInclude>
    <ClInclude Include="code\handmade.h">
      <Filter>Header Files</Filter>
    </ClInclude>
    <ClInclude Include="code\handmade_debugfuncs.h">
      <Filter>Header Files</Filter>
    </ClInclude>
    <ClInclude Include="code\handmade_funcdefs.h">
      <Filter>Header Files</Filter>
    </ClInclude>
    <ClInclude Include="code\handmade_typedefs.h">
      <Filter>Header Files</Filter>
    </ClInclude>
    <ClInclude Include="code\input\InputFrame.h">
      <Filter>Header Files</Filter>
    </ClInclude>
    <ClInclude Include="code\input\PhysicalInputs.h">
      <Filter>Header Files</Filter>
    </ClInclude>
    <ClInclude Include="code\math\MathTypedefs.h">
      <Filter>Header Files</Filter>
    </ClInclude>
    <ClInclude Include="code\math\Vector2.h">
      <Filter>Header Files</Filter>
    </ClInclude>
    <ClInclude Include="code\PlatformGameSettings.h">
      <Filter>Header Files</Filter>
    </ClInclude>
    <ClInclude Include="code\ThreadContext.h">
      <Filter>Header Files</Filter>
    </ClInclude>
    <ClInclude Include="code\win32\InputProcessor.h">
      <Filter>Header Files</Filter>
    </ClInclude>
    <ClInclude Include="code\win32\win32_handmade.h">
      <Filter>Header Files</Filter>
    </ClInclude>
  </ItemGroup>
  <ItemGroup>
    <Manifest Include="code\win32\win32_handmade.exe.manifest" />
  </ItemGroup>
</Project>